
Microsoft Visual Studio Solution File, Format Version 12.00
# Visual Studio Version 17
VisualStudioVersion = 17.0.32002.185
MinimumVisualStudioVersion = 10.0.40219.1
Project("{FAE04EC0-301F-11D3-BF4B-00C04F79EFBC}") = "Activity10", "Activity10\Activity10.csproj", "{DC160AC4-AD36-48E4-9F50-4A1949AF2EA5}"
EndProject
Global
	GlobalSection(SolutionConfigurationPlatforms) = preSolution
		Debug|Any CPU = Debug|Any CPU
		Release|Any CPU = Release|Any CPU
	EndGlobalSection
	GlobalSection(ProjectConfigurationPlatforms) = postSolution
		{DC160AC4-AD36-48E4-9F50-4A1949AF2EA5}.Debug|Any CPU.ActiveCfg = Debug|Any CPU
		{DC160AC4-AD36-48E4-9F50-4A1949AF2EA5}.Debug|Any CPU.Build.0 = Debug|Any CPU
		{DC160AC4-AD36-48E4-9F50-4A1949AF2EA5}.Release|Any CPU.ActiveCfg = Release|Any CPU
		{DC160AC4-AD36-48E4-9F50-4A1949AF2EA5}.Release|Any CPU.Build.0 = Release|Any CPU
	EndGlobalSection
	GlobalSection(SolutionProperties) = preSolution
		HideSolutionNode = FALSE
	EndGlobalSection
	GlobalSection(ExtensibilityGlobals) = postSolution
		SolutionGuid = {6061C443-069A-46FE-AC8C-38C705D38EE6}
	EndGlobalSection
EndGlobal
